PODS:
  - AFNetworking (3.2.1):
    - AFNetworking/NSURLSession (= 3.2.1)
    - AFNetworking/Reachability (= 3.2.1)
    - AFNetworking/Security (= 3.2.1)
    - AFNetworking/Serialization (= 3.2.1)
    - AFNetworking/UIKit (= 3.2.1)
  - AFNetworking/NSURLSession (3.2.1):
    - AFNetworking/Reachability
    - AFNetworking/Security
    - AFNetworking/Serialization
  - AFNetworking/Reachability (3.2.1)
  - AFNetworking/Security (3.2.1)
  - AFNetworking/Serialization (3.2.1)
  - AFNetworking/UIKit (3.2.1):
    - AFNetworking/NSURLSession
  - FMDB (2.7):
    - FMDB/standard (= 2.7)
  - FMDB/standard (2.7)
  - JSONModel (1.7.0)
  - LBXScan/LBXNative (2.3):
    - LBXScan/Types (~> 2.2)
  - LBXScan/Types (2.3)
  - LBXScan/UI (2.3):
    - LBXScan/Types (~> 2.2)
  - LXReorderableCollectionViewFlowLayout (0.2.1)
  - Masonry (1.1.0)
  - MBProgressHUD (1.0.0)
  - MJExtension (3.2.1)
  - MJRefresh (3.2.2)
  - SDWebImage (5.3.0):
    - SDWebImage/Core (= 5.3.0)
  - SDWebImage/Core (5.3.0)
  - TZImagePickerController (3.2.7)
  - YYKit (1.0.9):
    - YYKit/no-arc (= 1.0.9)
  - YYKit/no-arc (1.0.9)

DEPENDENCIES:
  - AFNetworking (= 3.2.1)
  - FMDB (from `https://github.com/ccgus/fmdb.git`, tag `2.7`)
  - JSONModel (~> 1.7.0)
  - LBXScan/LBXNative (~> 2.3)
  - LBXScan/UI (~> 2.3)
  - LXReorderableCollectionViewFlowLayout (~> 0.2.1)
  - Masonry (= 1.1.0)
  - MBProgressHUD (= 1.0.0)
  - MJExtension (= 3.2.1)
  - MJRefresh (= 3.2.2)
  - SDWebImage (= 5.3.0)
  - TZImagePickerController (= 3.2.7)
  - YYKit (= 1.0.9)

SPEC REPOS:
  https://github.com/cocoapods/specs.git:
    - AFNetworking
    - JSONModel
    - LBXScan
    - LXReorderableCollectionViewFlowLayout
    - Masonry
    - MBProgressHUD
    - MJExtension
    - MJRefresh
    - SDWebImage
    - TZImagePickerController
    - YYKit

EXTERNAL SOURCES:
  FMDB:
    :git: https://github.com/ccgus/fmdb.git
    :tag: '2.7'

CHECKOUT OPTIONS:
  FMDB:
    :git: https://github.com/ccgus/fmdb.git
    :tag: '2.7'

SPEC CHECKSUMS:
  AFNetworking: b6f891fdfaed196b46c7a83cf209e09697b94057
  FMDB: 115114e988a7c92a5191f1334c46c99b0a477700
  JSONModel: 840bc0fcffb24b8454d2c026bf26fea454b8e98d
  LBXScan: e51449f0832d1fe17da632af0d22adeb3cfa3543
  LXReorderableCollectionViewFlowLayout: acd6fe9fd0800efc656266a345130a2f634abf85
  Masonry: 678fab65091a9290e40e2832a55e7ab731aad201
  MBProgressHUD: 4890f671c94e8a0f3cf959aa731e9de2f036d71a
  MJExtension: 635f2c663dcb1bf76fa4b715b2570a5710aec545
  MJRefresh: 72a46ecaa2a0feaf48fc5198dff95f25f8bb27c6
  SDWebImage: f1afa74b86587c2c63f4e80dfd39b21e3c17b45b
  TZImagePickerController: 821b81f83594a736e831a018f2a2ce31822ddf0b
  YYKit: 7cda43304a8dc3696c449041e2cb3107b4e236e7

PODFILE CHECKSUM: 63f773f7409bbb808f33244dd91167de345cdb3a

COCOAPODS: 1.5.3
