PODS:
  - AFNetworking (3.2.1):
    - AFNetworking/NSURLSession (= 3.2.1)
    - AFNetworking/Reachability (= 3.2.1)
    - AFNetworking/Security (= 3.2.1)
    - AFNetworking/Serialization (= 3.2.1)
    - AFNetworking/UIKit (= 3.2.1)
  - AFNetworking/NSURLSession (3.2.1):
    - AFNetworking/Reachability
    - AFNetworking/Security
    - AFNetworking/Serialization
  - AFNetworking/Reachability (3.2.1)
  - AFNetworking/Security (3.2.1)
  - AFNetworking/Serialization (3.2.1)
  - AFNetworking/UIKit (3.2.1):
    - AFNetworking/NSURLSession
  - AlipaySDK-iOS (15.7.4)
  - Bugly (2.5.2)
  - FMDB (2.7):
    - FMDB/standard (= 2.7)
  - FMDB/standard (2.7)
  - JSONModel (1.7.0)
  - LBXScan/LBXNative (2.3):
    - LBXScan/Types (~> 2.2)
  - LBXScan/Types (2.3)
  - LBXScan/UI (2.3):
    - LBXScan/Types (~> 2.2)
  - LXReorderableCollectionViewFlowLayout (0.2.1)
  - Masonry (1.1.0)
  - MBProgressHUD (1.0.0)
  - MJExtension (3.2.1)
  - MJRefresh (3.2.2)
  - SDWebImage (5.3.0):
    - SDWebImage/Core (= 5.3.0)
  - SDWebImage/Core (5.3.0)
  - TEduBoard_iOS (2.4.8.5)
  - TXIMSDK_iOS (4.8.10)
  - TXLiteAVSDK_TRTC (7.2.8940)
  - TZImagePickerController (3.2.7)
  - UMCCommon (2.1.4)
  - UMCShare/Core (6.9.8):
    - UMCCommon
  - UMCShare/Social/QQ (6.9.8):
    - UMCCommon
    - UMCShare/Core
    - UMCShare/Social/ReducedQQ
  - UMCShare/Social/ReducedQQ (6.9.8):
    - UMCCommon
    - UMCShare/Core
  - UMCShare/Social/ReducedSina (6.9.8):
    - UMCCommon
    - UMCShare/Core
  - UMCShare/Social/ReducedWeChat (6.9.8):
    - UMCCommon
    - UMCShare/Core
  - UMCShare/Social/Sina (6.9.8):
    - UMCCommon
    - UMCShare/Core
    - UMCShare/Social/ReducedSina
  - UMCShare/Social/WeChat (6.9.8):
    - UMCCommon
    - UMCShare/Core
    - UMCShare/Social/ReducedWeChat
  - UMCShare/UI (6.9.8):
    - UMCCommon
    - UMCShare/Core
  - WechatOpenSDK (1.8.7.1)
  - YYKit (1.0.9):
    - YYKit/no-arc (= 1.0.9)
  - YYKit/no-arc (1.0.9)

DEPENDENCIES:
  - AFNetworking (= 3.2.1)
  - AlipaySDK-iOS
  - Bugly
  - FMDB (from `https://github.com/ccgus/fmdb.git`, tag `2.7`)
  - JSONModel (~> 1.7.0)
  - LBXScan/LBXNative (~> 2.3)
  - LBXScan/UI (~> 2.3)
  - LXReorderableCollectionViewFlowLayout (~> 0.2.1)
  - Masonry (= 1.1.0)
  - MBProgressHUD (= 1.0.0)
  - MJExtension (= 3.2.1)
  - MJRefresh (= 3.2.2)
  - SDWebImage (= 5.3.0)
  - TEduBoard_iOS (= 2.4.8.5)
  - TXIMSDK_iOS (= 4.8.10)
  - TXLiteAVSDK_TRTC (= 7.2.8940)
  - TZImagePickerController (= 3.2.7)
  - UMCCommon
  - UMCShare/Social/QQ
  - UMCShare/Social/Sina
  - UMCShare/Social/WeChat
  - UMCShare/UI
  - WechatOpenSDK
  - YYKit (= 1.0.9)

SPEC REPOS:
  https://github.com/CocoaPods/Specs.git:
    - AFNetworking
    - AlipaySDK-iOS
    - Bugly
    - JSONModel
    - LBXScan
    - LXReorderableCollectionViewFlowLayout
    - Masonry
    - MBProgressHUD
    - MJExtension
    - MJRefresh
    - SDWebImage
    - TEduBoard_iOS
    - TXIMSDK_iOS
    - TXLiteAVSDK_TRTC
    - TZImagePickerController
    - UMCCommon
    - UMCShare
    - WechatOpenSDK
    - YYKit

EXTERNAL SOURCES:
  FMDB:
    :git: https://github.com/ccgus/fmdb.git
    :tag: '2.7'

CHECKOUT OPTIONS:
  FMDB:
    :git: https://github.com/ccgus/fmdb.git
    :tag: '2.7'

SPEC CHECKSUMS:
  AFNetworking: b6f891fdfaed196b46c7a83cf209e09697b94057
  AlipaySDK-iOS: 8659cdb4403de7e5f26ad8b699864a9cbe53384c
  Bugly: dbac48b55ad469a97cc4321045cd50df8f63d44f
  FMDB: 115114e988a7c92a5191f1334c46c99b0a477700
  JSONModel: 840bc0fcffb24b8454d2c026bf26fea454b8e98d
  LBXScan: e51449f0832d1fe17da632af0d22adeb3cfa3543
  LXReorderableCollectionViewFlowLayout: acd6fe9fd0800efc656266a345130a2f634abf85
  Masonry: 678fab65091a9290e40e2832a55e7ab731aad201
  MBProgressHUD: 4890f671c94e8a0f3cf959aa731e9de2f036d71a
  MJExtension: 635f2c663dcb1bf76fa4b715b2570a5710aec545
  MJRefresh: 72a46ecaa2a0feaf48fc5198dff95f25f8bb27c6
  SDWebImage: f1afa74b86587c2c63f4e80dfd39b21e3c17b45b
  TEduBoard_iOS: 27d155fa246a20c048693525f93d50fc90aa416a
  TXIMSDK_iOS: 17de2fef786f78843687cc7bd9592759edd2ec0b
  TXLiteAVSDK_TRTC: ceb1915f7c4400bcebcf3f75897334eb2953c9c3
  TZImagePickerController: 821b81f83594a736e831a018f2a2ce31822ddf0b
  UMCCommon: b0703b0053323f598e01670ea702b8eb1e66e611
  UMCShare: a250203b34a56cde25cc4c28335449b542f0255d
  WechatOpenSDK: 6a4d1436c15b3b5fe2a0bd383f3046010186da44
  YYKit: 7cda43304a8dc3696c449041e2cb3107b4e236e7

PODFILE CHECKSUM: 7b82f117f533d35b3f28506dd06e9f89353a1540

COCOAPODS: 1.9.1
